// !$*UTF8*$!
{
	archiveVersion = 1;
	classes = {
	};
	objectVersion = 55;
	objects = {

/* Begin PBXBuildFile section */
		E2291664279149C40025FB44 /* UIColorCollectionViewCell.swift in Sources */ = {isa = PBXBuildFile; fileRef = E2291663279149C40025FB44 /* UIColorCollectionViewCell.swift */; };
		E22916672791660B0025FB44 /* Constants.swift in Sources */ = {isa = PBXBuildFile; fileRef = E22916662791660B0025FB44 /* Constants.swift */; };
		E2A8DC9E278C6190006BD05B /* AppDelegate.swift in Sources */ = {isa = PBXBuildFile; fileRef = E2A8DC9D278C6190006BD05B /* AppDelegate.swift */; };
		E2A8DCA0278C6190006BD05B /* SceneDelegate.swift in Sources */ = {isa = PBXBuildFile; fileRef = E2A8DC9F278C6190006BD05B /* SceneDelegate.swift */; };
		E2A8DCA5278C6190006BD05B /* Main.storyboard in Resources */ = {isa = PBXBuildFile; fileRef = E2A8DCA3278C6190006BD05B /* Main.storyboard */; };
		E2A8DCA8278C6190006BD05B /* MoneyM.xcdatamodeld in Sources */ = {isa = PBXBuildFile; fileRef = E2A8DCA6278C6190006BD05B /* MoneyM.xcdatamodeld */; };
		E2A8DCAA278C6192006BD05B /* Assets.xcassets in Resources */ = {isa = PBXBuildFile; fileRef = E2A8DCA9278C6192006BD05B /* Assets.xcassets */; };
		E2A8DCAD278C6192006BD05B /* LaunchScreen.storyboard in Resources */ = {isa = PBXBuildFile; fileRef = E2A8DCAB278C6192006BD05B /* LaunchScreen.storyboard */; };
		E2A8DCD5278CA27F006BD05B /* AccountsViewController.swift in Sources */ = {isa = PBXBuildFile; fileRef = E2A8DCD4278CA27F006BD05B /* AccountsViewController.swift */; };
		E2A8DCD8278CA52B006BD05B /* AccountsInteractor.swift in Sources */ = {isa = PBXBuildFile; fileRef = E2A8DCD7278CA52B006BD05B /* AccountsInteractor.swift */; };
		E2A8DCDA278CA6A1006BD05B /* AccountsModel.swift in Sources */ = {isa = PBXBuildFile; fileRef = E2A8DCD9278CA6A1006BD05B /* AccountsModel.swift */; };
		E2A8DCDC278CA7EA006BD05B /* AccountsPresenter.swift in Sources */ = {isa = PBXBuildFile; fileRef = E2A8DCDB278CA7EA006BD05B /* AccountsPresenter.swift */; };
		E2A8DCDE278CAFF0006BD05B /* AccountsWorker.swift in Sources */ = {isa = PBXBuildFile; fileRef = E2A8DCDD278CAFF0006BD05B /* AccountsWorker.swift */; };
		E2A8DCE2278CBD60006BD05B /* UIAccountTableViewCell.swift in Sources */ = {isa = PBXBuildFile; fileRef = E2A8DCE0278CBD60006BD05B /* UIAccountTableViewCell.swift */; };
		E2A8DCE6278D6471006BD05B /* UIView.swift in Sources */ = {isa = PBXBuildFile; fileRef = E2A8DCE5278D6471006BD05B /* UIView.swift */; };
		E2A8DCE9278D7127006BD05B /* NewAccount.storyboard in Resources */ = {isa = PBXBuildFile; fileRef = E2A8DCE8278D7127006BD05B /* NewAccount.storyboard */; };
		E2A8DCEC278D71B9006BD05B /* AccountsRouter.swift in Sources */ = {isa = PBXBuildFile; fileRef = E2A8DCEB278D71B9006BD05B /* AccountsRouter.swift */; };
		E2A8DCEE278D7342006BD05B /* NewAccountViewController.swift in Sources */ = {isa = PBXBuildFile; fileRef = E2A8DCED278D7342006BD05B /* NewAccountViewController.swift */; };
		E2F3B82B278D812B00220A7B /* SF-Pro-Rounded-Medium.ttf in Resources */ = {isa = PBXBuildFile; fileRef = E2F3B82A278D812A00220A7B /* SF-Pro-Rounded-Medium.ttf */; };
		E2F3B82D278DA7F900220A7B /* NewAccountInteractor.swift in Sources */ = {isa = PBXBuildFile; fileRef = E2F3B82C278DA7F900220A7B /* NewAccountInteractor.swift */; };
		E2F3B82F278DA86400220A7B /* NewAccountModel.swift in Sources */ = {isa = PBXBuildFile; fileRef = E2F3B82E278DA86400220A7B /* NewAccountModel.swift */; };
		E2F3B831278DA89C00220A7B /* NewAccountPresenter.swift in Sources */ = {isa = PBXBuildFile; fileRef = E2F3B830278DA89C00220A7B /* NewAccountPresenter.swift */; };
		E2F3B833278DA8AB00220A7B /* NewAccountWorker.swift in Sources */ = {isa = PBXBuildFile; fileRef = E2F3B832278DA8AA00220A7B /* NewAccountWorker.swift */; };
		E2F3B835278DC36F00220A7B /* UIIconsCollectionViewCell.swift in Sources */ = {isa = PBXBuildFile; fileRef = E2F3B834278DC36F00220A7B /* UIIconsCollectionViewCell.swift */; };
/* End PBXBuildFile section */

/* Begin PBXFileReference section */
		E2291663279149C40025FB44 /* UIColorCollectionViewCell.swift */ = {isa = PBXFileReference; lastKnownFileType = sourcecode.swift; path = UIColorCollectionViewCell.swift; sourceTree = "<group>"; };
		E22916662791660B0025FB44 /* Constants.swift */ = {isa = PBXFileReference; lastKnownFileType = sourcecode.swift; path = Constants.swift; sourceTree = "<group>"; };
		E2A8DC9A278C6190006BD05B /* MoneyM.app */ = {isa = PBXFileReference; explicitFileType = wrapper.application; includeInIndex = 0; path = MoneyM.app; sourceTree = BUILT_PRODUCTS_DIR; };
		E2A8DC9D278C6190006BD05B /* AppDelegate.swift */ = {isa = PBXFileReference; lastKnownFileType = sourcecode.swift; path = AppDelegate.swift; sourceTree = "<group>"; };
		E2A8DC9F278C6190006BD05B /* SceneDelegate.swift */ = {isa = PBXFileReference; lastKnownFileType = sourcecode.swift; path = SceneDelegate.swift; sourceTree = "<group>"; };
		E2A8DCA4278C6190006BD05B /* Base */ = {isa = PBXFileReference; lastKnownFileType = file.storyboard; name = Base; path = Base.lproj/Main.storyboard; sourceTree = "<group>"; };
		E2A8DCA7278C6190006BD05B /* MoneyM.xcdatamodel */ = {isa = PBXFileReference; lastKnownFileType = wrapper.xcdatamodel; path = MoneyM.xcdatamodel; sourceTree = "<group>"; };
		E2A8DCA9278C6192006BD05B /* Assets.xcassets */ = {isa = PBXFileReference; lastKnownFileType = folder.assetcatalog; path = Assets.xcassets; sourceTree = "<group>"; };
		E2A8DCAC278C6192006BD05B /* Base */ = {isa = PBXFileReference; lastKnownFileType = file.storyboard; name = Base; path = Base.lproj/LaunchScreen.storyboard; sourceTree = "<group>"; };
		E2A8DCAE278C6192006BD05B /* Info.plist */ = {isa = PBXFileReference; lastKnownFileType = text.plist.xml; path = Info.plist; sourceTree = "<group>"; };
		E2A8DCB5278C62C8006BD05B /* MoneyM.entitlements */ = {isa = PBXFileReference; lastKnownFileType = text.plist.entitlements; path = MoneyM.entitlements; sourceTree = "<group>"; };
		E2A8DCD4278CA27F006BD05B /* AccountsViewController.swift */ = {isa = PBXFileReference; lastKnownFileType = sourcecode.swift; path = AccountsViewController.swift; sourceTree = "<group>"; };
		E2A8DCD7278CA52B006BD05B /* AccountsInteractor.swift */ = {isa = PBXFileReference; lastKnownFileType = sourcecode.swift; path = AccountsInteractor.swift; sourceTree = "<group>"; };
		E2A8DCD9278CA6A1006BD05B /* AccountsModel.swift */ = {isa = PBXFileReference; lastKnownFileType = sourcecode.swift; path = AccountsModel.swift; sourceTree = "<group>"; };
		E2A8DCDB278CA7EA006BD05B /* AccountsPresenter.swift */ = {isa = PBXFileReference; lastKnownFileType = sourcecode.swift; path = AccountsPresenter.swift; sourceTree = "<group>"; };
		E2A8DCDD278CAFF0006BD05B /* AccountsWorker.swift */ = {isa = PBXFileReference; lastKnownFileType = sourcecode.swift; path = AccountsWorker.swift; sourceTree = "<group>"; };
		E2A8DCE0278CBD60006BD05B /* UIAccountTableViewCell.swift */ = {isa = PBXFileReference; lastKnownFileType = sourcecode.swift; path = UIAccountTableViewCell.swift; sourceTree = "<group>"; };
		E2A8DCE5278D6471006BD05B /* UIView.swift */ = {isa = PBXFileReference; lastKnownFileType = sourcecode.swift; path = UIView.swift; sourceTree = "<group>"; };
		E2A8DCE8278D7127006BD05B /* NewAccount.storyboard */ = {isa = PBXFileReference; lastKnownFileType = file.storyboard; path = NewAccount.storyboard; sourceTree = "<group>"; };
		E2A8DCEB278D71B9006BD05B /* AccountsRouter.swift */ = {isa = PBXFileReference; lastKnownFileType = sourcecode.swift; path = AccountsRouter.swift; sourceTree = "<group>"; };
		E2A8DCED278D7342006BD05B /* NewAccountViewController.swift */ = {isa = PBXFileReference; lastKnownFileType = sourcecode.swift; path = NewAccountViewController.swift; sourceTree = "<group>"; };
		E2F3B82A278D812A00220A7B /* SF-Pro-Rounded-Medium.ttf */ = {isa = PBXFileReference; lastKnownFileType = file; path = "SF-Pro-Rounded-Medium.ttf"; sourceTree = "<group>"; };
		E2F3B82C278DA7F900220A7B /* NewAccountInteractor.swift */ = {isa = PBXFileReference; lastKnownFileType = sourcecode.swift; path = NewAccountInteractor.swift; sourceTree = "<group>"; };
		E2F3B82E278DA86400220A7B /* NewAccountModel.swift */ = {isa = PBXFileReference; lastKnownFileType = sourcecode.swift; path = NewAccountModel.swift; sourceTree = "<group>"; };
		E2F3B830278DA89C00220A7B /* NewAccountPresenter.swift */ = {isa = PBXFileReference; lastKnownFileType = sourcecode.swift; path = NewAccountPresenter.swift; sourceTree = "<group>"; };
		E2F3B832278DA8AA00220A7B /* NewAccountWorker.swift */ = {isa = PBXFileReference; lastKnownFileType = sourcecode.swift; path = NewAccountWorker.swift; sourceTree = "<group>"; };
		E2F3B834278DC36F00220A7B /* UIIconsCollectionViewCell.swift */ = {isa = PBXFileReference; lastKnownFileType = sourcecode.swift; path = UIIconsCollectionViewCell.swift; sourceTree = "<group>"; };
/* End PBXFileReference section */

/* Begin PBXFrameworksBuildPhase section */
		E2A8DC97278C6190006BD05B /* Frameworks */ = {
			isa = PBXFrameworksBuildPhase;
			buildActionMask = 2147483647;
			files = (
			);
			runOnlyForDeploymentPostprocessing = 0;
		};
/* End PBXFrameworksBuildPhase section */

/* Begin PBXGroup section */
		E2291665279165FC0025FB44 /* Other */ = {
			isa = PBXGroup;
			children = (
				E22916662791660B0025FB44 /* Constants.swift */,
			);
			path = Other;
			sourceTree = "<group>";
		};
		E2A8DC91278C6190006BD05B = {
			isa = PBXGroup;
			children = (
				E2A8DC9C278C6190006BD05B /* MoneyM */,
				E2A8DC9B278C6190006BD05B /* Products */,
			);
			sourceTree = "<group>";
		};
		E2A8DC9B278C6190006BD05B /* Products */ = {
			isa = PBXGroup;
			children = (
				E2A8DC9A278C6190006BD05B /* MoneyM.app */,
			);
			name = Products;
			sourceTree = "<group>";
		};
		E2A8DC9C278C6190006BD05B /* MoneyM */ = {
			isa = PBXGroup;
			children = (
				E2291665279165FC0025FB44 /* Other */,
				E2F3B829278D80DE00220A7B /* Fonts */,
				E2A8DCE7278D710B006BD05B /* Storyboards */,
				E2A8DCE4278D6456006BD05B /* Extensions */,
				E2A8DCDF278CBD31006BD05B /* Views */,
				E2A8DCB6278C9DC4006BD05B /* Scenes */,
				E2A8DCB5278C62C8006BD05B /* MoneyM.entitlements */,
				E2A8DC9D278C6190006BD05B /* AppDelegate.swift */,
				E2A8DC9F278C6190006BD05B /* SceneDelegate.swift */,
				E2A8DCA9278C6192006BD05B /* Assets.xcassets */,
				E2A8DCAB278C6192006BD05B /* LaunchScreen.storyboard */,
				E2A8DCAE278C6192006BD05B /* Info.plist */,
				E2A8DCA6278C6190006BD05B /* MoneyM.xcdatamodeld */,
			);
			path = MoneyM;
			sourceTree = "<group>";
		};
		E2A8DCB6278C9DC4006BD05B /* Scenes */ = {
			isa = PBXGroup;
			children = (
				E2A8DCB7278C9DCD006BD05B /* Accounts */,
				E2A8DCEA278D71A0006BD05B /* New account */,
			);
			path = Scenes;
			sourceTree = "<group>";
		};
		E2A8DCB7278C9DCD006BD05B /* Accounts */ = {
			isa = PBXGroup;
			children = (
				E2A8DCD9278CA6A1006BD05B /* AccountsModel.swift */,
				E2A8DCD4278CA27F006BD05B /* AccountsViewController.swift */,
				E2A8DCD7278CA52B006BD05B /* AccountsInteractor.swift */,
				E2A8DCDB278CA7EA006BD05B /* AccountsPresenter.swift */,
				E2A8DCDD278CAFF0006BD05B /* AccountsWorker.swift */,
				E2A8DCEB278D71B9006BD05B /* AccountsRouter.swift */,
			);
			path = Accounts;
			sourceTree = "<group>";
		};
		E2A8DCDF278CBD31006BD05B /* Views */ = {
			isa = PBXGroup;
			children = (
				E2A8DCE0278CBD60006BD05B /* UIAccountTableViewCell.swift */,
				E2F3B834278DC36F00220A7B /* UIIconsCollectionViewCell.swift */,
				E2291663279149C40025FB44 /* UIColorCollectionViewCell.swift */,
			);
			path = Views;
			sourceTree = "<group>";
		};
		E2A8DCE4278D6456006BD05B /* Extensions */ = {
			isa = PBXGroup;
			children = (
				E2A8DCE5278D6471006BD05B /* UIView.swift */,
			);
			path = Extensions;
			sourceTree = "<group>";
		};
		E2A8DCE7278D710B006BD05B /* Storyboards */ = {
			isa = PBXGroup;
			children = (
				E2A8DCA3278C6190006BD05B /* Main.storyboard */,
				E2A8DCE8278D7127006BD05B /* NewAccount.storyboard */,
			);
			path = Storyboards;
			sourceTree = "<group>";
		};
		E2A8DCEA278D71A0006BD05B /* New account */ = {
			isa = PBXGroup;
			children = (
				E2F3B82E278DA86400220A7B /* NewAccountModel.swift */,
				E2A8DCED278D7342006BD05B /* NewAccountViewController.swift */,
				E2F3B82C278DA7F900220A7B /* NewAccountInteractor.swift */,
				E2F3B830278DA89C00220A7B /* NewAccountPresenter.swift */,
				E2F3B832278DA8AA00220A7B /* NewAccountWorker.swift */,
			);
			path = "New account";
			sourceTree = "<group>";
		};
		E2F3B829278D80DE00220A7B /* Fonts */ = {
			isa = PBXGroup;
			children = (
				E2F3B82A278D812A00220A7B /* SF-Pro-Rounded-Medium.ttf */,
			);
			path = Fonts;
			sourceTree = "<group>";
		};
/* End PBXGroup section */

/* Begin PBXNativeTarget section */
		E2A8DC99278C6190006BD05B /* MoneyM */ = {
			isa = PBXNativeTarget;
			buildConfigurationList = E2A8DCB1278C6192006BD05B /* Build configuration list for PBXNativeTarget "MoneyM" */;
			buildPhases = (
				E2A8DC96278C6190006BD05B /* Sources */,
				E2A8DC97278C6190006BD05B /* Frameworks */,
				E2A8DC98278C6190006BD05B /* Resources */,
			);
			buildRules = (
			);
			dependencies = (
			);
			name = MoneyM;
			productName = MoneyM;
			productReference = E2A8DC9A278C6190006BD05B /* MoneyM.app */;
			productType = "com.apple.product-type.application";
		};
/* End PBXNativeTarget section */

/* Begin PBXProject section */
		E2A8DC92278C6190006BD05B /* Project object */ = {
			isa = PBXProject;
			attributes = {
				BuildIndependentTargetsInParallel = 1;
				LastSwiftUpdateCheck = 1310;
				LastUpgradeCheck = 1310;
				TargetAttributes = {
					E2A8DC99278C6190006BD05B = {
						CreatedOnToolsVersion = 13.1;
					};
				};
			};
			buildConfigurationList = E2A8DC95278C6190006BD05B /* Build configuration list for PBXProject "MoneyM" */;
			compatibilityVersion = "Xcode 13.0";
			developmentRegion = en;
			hasScannedForEncodings = 0;
			knownRegions = (
				en,
				Base,
			);
			mainGroup = E2A8DC91278C6190006BD05B;
			productRefGroup = E2A8DC9B278C6190006BD05B /* Products */;
			projectDirPath = "";
			projectRoot = "";
			targets = (
				E2A8DC99278C6190006BD05B /* MoneyM */,
			);
		};
/* End PBXProject section */

/* Begin PBXResourcesBuildPhase section */
		E2A8DC98278C6190006BD05B /* Resources */ = {
			isa = PBXResourcesBuildPhase;
			buildActionMask = 2147483647;
			files = (
				E2A8DCAD278C6192006BD05B /* LaunchScreen.storyboard in Resources */,
				E2F3B82B278D812B00220A7B /* SF-Pro-Rounded-Medium.ttf in Resources */,
				E2A8DCAA278C6192006BD05B /* Assets.xcassets in Resources */,
				E2A8DCA5278C6190006BD05B /* Main.storyboard in Resources */,
				E2A8DCE9278D7127006BD05B /* NewAccount.storyboard in Resources */,
			);
			runOnlyForDeploymentPostprocessing = 0;
		};
/* End PBXResourcesBuildPhase section */

/* Begin PBXSourcesBuildPhase section */
		E2A8DC96278C6190006BD05B /* Sources */ = {
			isa = PBXSourcesBuildPhase;
			buildActionMask = 2147483647;
			files = (
				E2F3B82D278DA7F900220A7B /* NewAccountInteractor.swift in Sources */,
				E2A8DCE6278D6471006BD05B /* UIView.swift in Sources */,
				E2F3B833278DA8AB00220A7B /* NewAccountWorker.swift in Sources */,
				E2A8DCD8278CA52B006BD05B /* AccountsInteractor.swift in Sources */,
				E2F3B831278DA89C00220A7B /* NewAccountPresenter.swift in Sources */,
				E2A8DCDA278CA6A1006BD05B /* AccountsModel.swift in Sources */,
				E2F3B835278DC36F00220A7B /* UIIconsCollectionViewCell.swift in Sources */,
				E2A8DCDC278CA7EA006BD05B /* AccountsPresenter.swift in Sources */,
				E22916672791660B0025FB44 /* Constants.swift in Sources */,
				E2A8DCE2278CBD60006BD05B /* UIAccountTableViewCell.swift in Sources */,
				E2A8DCD5278CA27F006BD05B /* AccountsViewController.swift in Sources */,
				E2291664279149C40025FB44 /* UIColorCollectionViewCell.swift in Sources */,
				E2A8DCA8278C6190006BD05B /* MoneyM.xcdatamodeld in Sources */,
				E2F3B82F278DA86400220A7B /* NewAccountModel.swift in Sources */,
				E2A8DCEC278D71B9006BD05B /* AccountsRouter.swift in Sources */,
				E2A8DCDE278CAFF0006BD05B /* AccountsWorker.swift in Sources */,
				E2A8DC9E278C6190006BD05B /* AppDelegate.swift in Sources */,
				E2A8DCA0278C6190006BD05B /* SceneDelegate.swift in Sources */,
				E2A8DCEE278D7342006BD05B /* NewAccountViewController.swift in Sources */,
			);
			runOnlyForDeploymentPostprocessing = 0;
		};
/* End PBXSourcesBuildPhase section */

/* Begin PBXVariantGroup section */
		E2A8DCA3278C6190006BD05B /* Main.storyboard */ = {
			isa = PBXVariantGroup;
			children = (
				E2A8DCA4278C6190006BD05B /* Base */,
			);
			name = Main.storyboard;
			sourceTree = "<group>";
		};
		E2A8DCAB278C6192006BD05B /* LaunchScreen.storyboard */ = {
			isa = PBXVariantGroup;
			children = (
				E2A8DCAC278C6192006BD05B /* Base */,
			);
			name = LaunchScreen.storyboard;
			sourceTree = "<group>";
		};
/* End PBXVariantGroup section */

/* Begin XCBuildConfiguration section */
		E2A8DCAF278C6192006BD05B /* Debug */ = {
			isa = XCBuildConfiguration;
			buildSettings = {
				ALWAYS_SEARCH_USER_PATHS = NO;
				CLANG_ANALYZER_NONNULL = YES;
				CLANG_ANALYZER_NUMBER_OBJECT_CONVERSION = YES_AGGRESSIVE;
				CLANG_CXX_LANGUAGE_STANDARD = "gnu++17";
				CLANG_CXX_LIBRARY = "libc++";
				CLANG_ENABLE_MODULES = YES;
				CLANG_ENABLE_OBJC_ARC = YES;
				CLANG_ENABLE_OBJC_WEAK = YES;
				CLANG_WARN_BLOCK_CAPTURE_AUTORELEASING = YES;
				CLANG_WARN_BOOL_CONVERSION = YES;
				CLANG_WARN_COMMA = YES;
				CLANG_WARN_CONSTANT_CONVERSION = YES;
				CLANG_WARN_DEPRECATED_OBJC_IMPLEMENTATIONS = YES;
				CLANG_WARN_DIRECT_OBJC_ISA_USAGE = YES_ERROR;
				CLANG_WARN_DOCUMENTATION_COMMENTS = YES;
				CLANG_WARN_EMPTY_BODY = YES;
				CLANG_WARN_ENUM_CONVERSION = YES;
				CLANG_WARN_INFINITE_RECURSION = YES;
				CLANG_WARN_INT_CONVERSION = YES;
				CLANG_WARN_NON_LITERAL_NULL_CONVERSION = YES;
				CLANG_WARN_OBJC_IMPLICIT_RETAIN_SELF = YES;
				CLANG_WARN_OBJC_LITERAL_CONVERSION = YES;
				CLANG_WARN_OBJC_ROOT_CLASS = YES_ERROR;
				CLANG_WARN_QUOTED_INCLUDE_IN_FRAMEWORK_HEADER = YES;
				CLANG_WARN_RANGE_LOOP_ANALYSIS = YES;
				CLANG_WARN_STRICT_PROTOTYPES = YES;
				CLANG_WARN_SUSPICIOUS_MOVE = YES;
				CLANG_WARN_UNGUARDED_AVAILABILITY = YES_AGGRESSIVE;
				CLANG_WARN_UNREACHABLE_CODE = YES;
				CLANG_WARN__DUPLICATE_METHOD_MATCH = YES;
				COPY_PHASE_STRIP = NO;
				DEBUG_INFORMATION_FORMAT = dwarf;
				ENABLE_STRICT_OBJC_MSGSEND = YES;
				ENABLE_TESTABILITY = YES;
				GCC_C_LANGUAGE_STANDARD = gnu11;
				GCC_DYNAMIC_NO_PIC = NO;
				GCC_NO_COMMON_BLOCKS = YES;
				GCC_OPTIMIZATION_LEVEL = 0;
				GCC_PREPROCESSOR_DEFINITIONS = (
					"DEBUG=1",
					"$(inherited)",
				);
				GCC_WARN_64_TO_32_BIT_CONVERSION = YES;
				GCC_WARN_ABOUT_RETURN_TYPE = YES_ERROR;
				GCC_WARN_UNDECLARED_SELECTOR = YES;
				GCC_WARN_UNINITIALIZED_AUTOS = YES_AGGRESSIVE;
				GCC_WARN_UNUSED_FUNCTION = YES;
				GCC_WARN_UNUSED_VARIABLE = YES;
				IPHONEOS_DEPLOYMENT_TARGET = 15.0;
				MTL_ENABLE_DEBUG_INFO = INCLUDE_SOURCE;
				MTL_FAST_MATH = YES;
				ONLY_ACTIVE_ARCH = YES;
				SDKROOT = iphoneos;
				SWIFT_ACTIVE_COMPILATION_CONDITIONS = DEBUG;
				SWIFT_OPTIMIZATION_LEVEL = "-Onone";
			};
			name = Debug;
		};
		E2A8DCB0278C6192006BD05B /* Release */ = {
			isa = XCBuildConfiguration;
			buildSettings = {
				ALWAYS_SEARCH_USER_PATHS = NO;
				CLANG_ANALYZER_NONNULL = YES;
				CLANG_ANALYZER_NUMBER_OBJECT_CONVERSION = YES_AGGRESSIVE;
				CLANG_CXX_LANGUAGE_STANDARD = "gnu++17";
				CLANG_CXX_LIBRARY = "libc++";
				CLANG_ENABLE_MODULES = YES;
				CLANG_ENABLE_OBJC_ARC = YES;
				CLANG_ENABLE_OBJC_WEAK = YES;
				CLANG_WARN_BLOCK_CAPTURE_AUTORELEASING = YES;
				CLANG_WARN_BOOL_CONVERSION = YES;
				CLANG_WARN_COMMA = YES;
				CLANG_WARN_CONSTANT_CONVERSION = YES;
				CLANG_WARN_DEPRECATED_OBJC_IMPLEMENTATIONS = YES;
				CLANG_WARN_DIRECT_OBJC_ISA_USAGE = YES_ERROR;
				CLANG_WARN_DOCUMENTATION_COMMENTS = YES;
				CLANG_WARN_EMPTY_BODY = YES;
				CLANG_WARN_ENUM_CONVERSION = YES;
				CLANG_WARN_INFINITE_RECURSION = YES;
				CLANG_WARN_INT_CONVERSION = YES;
				CLANG_WARN_NON_LITERAL_NULL_CONVERSION = YES;
				CLANG_WARN_OBJC_IMPLICIT_RETAIN_SELF = YES;
				CLANG_WARN_OBJC_LITERAL_CONVERSION = YES;
				CLANG_WARN_OBJC_ROOT_CLASS = YES_ERROR;
				CLANG_WARN_QUOTED_INCLUDE_IN_FRAMEWORK_HEADER = YES;
				CLANG_WARN_RANGE_LOOP_ANALYSIS = YES;
				CLANG_WARN_STRICT_PROTOTYPES = YES;
				CLANG_WARN_SUSPICIOUS_MOVE = YES;
				CLANG_WARN_UNGUARDED_AVAILABILITY = YES_AGGRESSIVE;
				CLANG_WARN_UNREACHABLE_CODE = YES;
				CLANG_WARN__DUPLICATE_METHOD_MATCH = YES;
				COPY_PHASE_STRIP = NO;
				DEBUG_INFORMATION_FORMAT = "dwarf-with-dsym";
				ENABLE_NS_ASSERTIONS = NO;
				ENABLE_STRICT_OBJC_MSGSEND = YES;
				GCC_C_LANGUAGE_STANDARD = gnu11;
				GCC_NO_COMMON_BLOCKS = YES;
				GCC_WARN_64_TO_32_BIT_CONVERSION = YES;
				GCC_WARN_ABOUT_RETURN_TYPE = YES_ERROR;
				GCC_WARN_UNDECLARED_SELECTOR = YES;
				GCC_WARN_UNINITIALIZED_AUTOS = YES_AGGRESSIVE;
				GCC_WARN_UNUSED_FUNCTION = YES;
				GCC_WARN_UNUSED_VARIABLE = YES;
				IPHONEOS_DEPLOYMENT_TARGET = 15.0;
				MTL_ENABLE_DEBUG_INFO = NO;
				MTL_FAST_MATH = YES;
				SDKROOT = iphoneos;
				SWIFT_COMPILATION_MODE = wholemodule;
				SWIFT_OPTIMIZATION_LEVEL = "-O";
				VALIDATE_PRODUCT = YES;
			};
			name = Release;
		};
		E2A8DCB2278C6192006BD05B /* Debug */ = {
			isa = XCBuildConfiguration;
			buildSettings = {
				ASSETCATALOG_COMPILER_APPICON_NAME = AppIcon;
				ASSETCATALOG_COMPILER_GLOBAL_ACCENT_COLOR_NAME = AccentColor;
				CODE_SIGN_ENTITLEMENTS = MoneyM/MoneyM.entitlements;
				CODE_SIGN_STYLE = Automatic;
				CURRENT_PROJECT_VERSION = 1;
				DEVELOPMENT_TEAM = 8BPKDD8276;
				GENERATE_INFOPLIST_FILE = YES;
				INFOPLIST_FILE = MoneyM/Info.plist;
				INFOPLIST_KEY_UIApplicationSupportsIndirectInputEvents = YES;
				INFOPLIST_KEY_UILaunchStoryboardName = LaunchScreen;
				INFOPLIST_KEY_UIMainStoryboardFile = Main;
				INFOPLIST_KEY_UISupportedInterfaceOrientations_iPad = "UIInterfaceOrientationPortrait UIInterfaceOrientationPortraitUpsideDown UIInterfaceOrientationLandscapeLeft UIInterfaceOrientationLandscapeRight";
				INFOPLIST_KEY_UISupportedInterfaceOrientations_iPhone = "UIInterfaceOrientationPortrait UIInterfaceOrientationLandscapeLeft UIInterfaceOrientationLandscapeRight";
				LD_RUNPATH_SEARCH_PATHS = (
					"$(inherited)",
					"@executable_path/Frameworks",
				);
				MARKETING_VERSION = 1.0;
				PRODUCT_BUNDLE_IDENTIFIER = com.savikapps.MoneyM;
				PRODUCT_NAME = "$(TARGET_NAME)";
				SUPPORTS_MACCATALYST = YES;
				SWIFT_EMIT_LOC_STRINGS = YES;
				SWIFT_VERSION = 5.0;
				TARGETED_DEVICE_FAMILY = "1,2";
			};
			name = Debug;
		};
		E2A8DCB3278C6192006BD05B /* Release */ = {
			isa = XCBuildConfiguration;
			buildSettings = {
				ASSETCATALOG_COMPILER_APPICON_NAME = AppIcon;
				ASSETCATALOG_COMPILER_GLOBAL_ACCENT_COLOR_NAME = AccentColor;
				CODE_SIGN_ENTITLEMENTS = MoneyM/MoneyM.entitlements;
				CODE_SIGN_STYLE = Automatic;
				CURRENT_PROJECT_VERSION = 1;
				DEVELOPMENT_TEAM = 8BPKDD8276;
				GENERATE_INFOPLIST_FILE = YES;
				INFOPLIST_FILE = MoneyM/Info.plist;
				INFOPLIST_KEY_UIApplicationSupportsIndirectInputEvents = YES;
				INFOPLIST_KEY_UILaunchStoryboardName = LaunchScreen;
				INFOPLIST_KEY_UIMainStoryboardFile = Main;
				INFOPLIST_KEY_UISupportedInterfaceOrientations_iPad = "UIInterfaceOrientationPortrait UIInterfaceOrientationPortraitUpsideDown UIInterfaceOrientationLandscapeLeft UIInterfaceOrientationLandscapeRight";
				INFOPLIST_KEY_UISupportedInterfaceOrientations_iPhone = "UIInterfaceOrientationPortrait UIInterfaceOrientationLandscapeLeft UIInterfaceOrientationLandscapeRight";
				LD_RUNPATH_SEARCH_PATHS = (
					"$(inherited)",
					"@executable_path/Frameworks",
				);
				MARKETING_VERSION = 1.0;
				PRODUCT_BUNDLE_IDENTIFIER = com.savikapps.MoneyM;
				PRODUCT_NAME = "$(TARGET_NAME)";
				SUPPORTS_MACCATALYST = YES;
				SWIFT_EMIT_LOC_STRINGS = YES;
				SWIFT_VERSION = 5.0;
				TARGETED_DEVICE_FAMILY = "1,2";
			};
			name = Release;
		};
/* End XCBuildConfiguration section */

/* Begin XCConfigurationList section */
		E2A8DC95278C6190006BD05B /* Build configuration list for PBXProject "MoneyM" */ = {
			isa = XCConfigurationList;
			buildConfigurations = (
				E2A8DCAF278C6192006BD05B /* Debug */,
				E2A8DCB0278C6192006BD05B /* Release */,
			);
			defaultConfigurationIsVisible = 0;
			defaultConfigurationName = Release;
		};
		E2A8DCB1278C6192006BD05B /* Build configuration list for PBXNativeTarget "MoneyM" */ = {
			isa = XCConfigurationList;
			buildConfigurations = (
				E2A8DCB2278C6192006BD05B /* Debug */,
				E2A8DCB3278C6192006BD05B /* Release */,
			);
			defaultConfigurationIsVisible = 0;
			defaultConfigurationName = Release;
		};
/* End XCConfigurationList section */

/* Begin XCVersionGroup section */
		E2A8DCA6278C6190006BD05B /* MoneyM.xcdatamodeld */ = {
			isa = XCVersionGroup;
			children = (
				E2A8DCA7278C6190006BD05B /* MoneyM.xcdatamodel */,
			);
			currentVersion = E2A8DCA7278C6190006BD05B /* MoneyM.xcdatamodel */;
			path = MoneyM.xcdatamodeld;
			sourceTree = "<group>";
			versionGroupType = wrapper.xcdatamodel;
		};
/* End XCVersionGroup section */
	};
	rootObject = E2A8DC92278C6190006BD05B /* Project object */;
}
